// !$*UTF8*$!
{
	archiveVersion = 1;
	classes = {
	};
	objectVersion = 46;
	objects = {

/* Begin PBXBuildFile section */
		2C4AA3BC1E5165C8009D6324 /* BitIO.c in Sources */ = {isa = PBXBuildFile; fileRef = 2C4AA3B81E5165C8009D6324 /* BitIO.c */; };
		2C4AA3BD1E5165C8009D6324 /* Deflate.c in Sources */ = {isa = PBXBuildFile; fileRef = 2C4AA3B91E5165C8009D6324 /* Deflate.c */; };
		2C4AA3BE1E5165C8009D6324 /* MD5.c in Sources */ = {isa = PBXBuildFile; fileRef = 2C4AA3BA1E5165C8009D6324 /* MD5.c */; };
		2C4AA3BF1E5165C8009D6324 /* UUID.c in Sources */ = {isa = PBXBuildFile; fileRef = 2C4AA3BB1E5165C8009D6324 /* UUID.c */; };
		2C4AA3C41E5165D7009D6324 /* BitIO.h in Headers */ = {isa = PBXBuildFile; fileRef = 2C4AA3C01E5165D7009D6324 /* BitIO.h */; };
		2C4AA3C51E5165D7009D6324 /* Deflate.h in Headers */ = {isa = PBXBuildFile; fileRef = 2C4AA3C11E5165D7009D6324 /* Deflate.h */; };
		2C4AA3C61E5165D7009D6324 /* UUID.h in Headers */ = {isa = PBXBuildFile; fileRef = 2C4AA3C21E5165D7009D6324 /* UUID.h */; };
		2C4AA3C71E5165D7009D6324 /* MD5.h in Headers */ = {isa = PBXBuildFile; fileRef = 2C4AA3C31E5165D7009D6324 /* MD5.h */; };
		2C4AA3D01E5165FA009D6324 /* Test_BitIO.m in Sources */ = {isa = PBXBuildFile; fileRef = 2C4AA3CF1E5165FA009D6324 /* Test_BitIO.m */; };
		2C4AA3D21E5165FA009D6324 /* BitIO.a in Frameworks */ = {isa = PBXBuildFile; fileRef = 2C4AA3AE1E51657A009D6324 /* BitIO.a */; };
		2C4AA3DD1E516641009D6324 /* UnitTest.c in Sources */ = {isa = PBXBuildFile; fileRef = 2C4AA3DC1E516641009D6324 /* UnitTest.c */; };
		2C4AA3DF1E51666F009D6324 /* Info.plist in Resources */ = {isa = PBXBuildFile; fileRef = 2C4AA3DE1E51666F009D6324 /* Info.plist */; };
/* End PBXBuildFile section */

/* Begin PBXContainerItemProxy section */
		2C4AA3D31E5165FA009D6324 /* PBXContainerItemProxy */ = {
			isa = PBXContainerItemProxy;
			containerPortal = 2C4AA3A61E51657A009D6324 /* Project object */;
			proxyType = 1;
			remoteGlobalIDString = 2C4AA3AD1E51657A009D6324;
			remoteInfo = libBitIO;
		};
/* End PBXContainerItemProxy section */

/* Begin PBXFileReference section */
		2C4AA3AE1E51657A009D6324 /* BitIO.a */ = {isa = PBXFileReference; explicitFileType = archive.ar; includeInIndex = 0; path = BitIO.a; sourceTree = BUILT_PRODUCTS_DIR; };
		2C4AA3B81E5165C8009D6324 /* BitIO.c */ = {isa = PBXFileReference; fileEncoding = 4; lastKnownFileType = sourcecode.c.c; name = BitIO.c; path = ../../libBitIO/src/BitIO.c; sourceTree = "<group>"; };
		2C4AA3B91E5165C8009D6324 /* Deflate.c */ = {isa = PBXFileReference; fileEncoding = 4; lastKnownFileType = sourcecode.c.c; name = Deflate.c; path = ../../libBitIO/src/Deflate.c; sourceTree = "<group>"; };
		2C4AA3BA1E5165C8009D6324 /* MD5.c */ = {isa = PBXFileReference; fileEncoding = 4; lastKnownFileType = sourcecode.c.c; name = MD5.c; path = ../../libBitIO/src/MD5.c; sourceTree = "<group>"; };
		2C4AA3BB1E5165C8009D6324 /* UUID.c */ = {isa = PBXFileReference; fileEncoding = 4; lastKnownFileType = sourcecode.c.c; name = UUID.c; path = ../../libBitIO/src/UUID.c; sourceTree = "<group>"; };
		2C4AA3C01E5165D7009D6324 /* BitIO.h */ = {isa = PBXFileReference; fileEncoding = 4; lastKnownFileType = sourcecode.c.h; name = BitIO.h; path = ../../libBitIO/include/BitIO.h; sourceTree = "<group>"; };
		2C4AA3C11E5165D7009D6324 /* Deflate.h */ = {isa = PBXFileReference; fileEncoding = 4; lastKnownFileType = sourcecode.c.h; name = Deflate.h; path = ../../libBitIO/include/Deflate.h; sourceTree = "<group>"; };
		2C4AA3C21E5165D7009D6324 /* UUID.h */ = {isa = PBXFileReference; fileEncoding = 4; lastKnownFileType = sourcecode.c.h; name = UUID.h; path = ../../libBitIO/include/UUID.h; sourceTree = "<group>"; };
		2C4AA3C31E5165D7009D6324 /* MD5.h */ = {isa = PBXFileReference; fileEncoding = 4; lastKnownFileType = sourcecode.c.h; name = MD5.h; path = ../../libBitIO/include/MD5.h; sourceTree = "<group>"; };
		2C4AA3CD1E5165FA009D6324 /* Test-BitIO.xctest */ = {isa = PBXFileReference; explicitFileType = wrapper.cfbundle; includeInIndex = 0; path = "Test-BitIO.xctest"; sourceTree = BUILT_PRODUCTS_DIR; };
		2C4AA3CF1E5165FA009D6324 /* Test_BitIO.m */ = {isa = PBXFileReference; lastKnownFileType = sourcecode.c.objc; path = Test_BitIO.m; sourceTree = "<group>"; };
		2C4AA3DC1E516641009D6324 /* UnitTest.c */ = {isa = PBXFileReference; fileEncoding = 4; lastKnownFileType = sourcecode.c.c; name = UnitTest.c; path = "../../../Test-BitIO/UnitTest.c"; sourceTree = "<group>"; };
		2C4AA3DE1E51666F009D6324 /* Info.plist */ = {isa = PBXFileReference; fileEncoding = 4; lastKnownFileType = text.plist.xml; name = Info.plist; path = "../../../Test-BitIO/Info.plist"; sourceTree = "<group>"; };
/* End PBXFileReference section */

/* Begin PBXFrameworksBuildPhase section */
		2C4AA3AB1E51657A009D6324 /* Frameworks */ = {
			isa = PBXFrameworksBuildPhase;
			buildActionMask = 2147483647;
			files = (
			);
			runOnlyForDeploymentPostprocessing = 0;
		};
		2C4AA3CA1E5165FA009D6324 /* Frameworks */ = {
			isa = PBXFrameworksBuildPhase;
			buildActionMask = 2147483647;
			files = (
				2C4AA3D21E5165FA009D6324 /* BitIO.a in Frameworks */,
			);
			runOnlyForDeploymentPostprocessing = 0;
		};
/* End PBXFrameworksBuildPhase section */

/* Begin PBXGroup section */
		2C4AA3A51E51657A009D6324 = {
			isa = PBXGroup;
			children = (
				2C4AA3B51E516598009D6324 /* libBitIO */,
				2C4AA3CE1E5165FA009D6324 /* Test-BitIO */,
				2C4AA3AF1E51657A009D6324 /* Products */,
			);
			sourceTree = "<group>";
		};
		2C4AA3AF1E51657A009D6324 /* Products */ = {
			isa = PBXGroup;
			children = (
				2C4AA3AE1E51657A009D6324 /* BitIO.a */,
				2C4AA3CD1E5165FA009D6324 /* Test-BitIO.xctest */,
			);
			name = Products;
			sourceTree = "<group>";
		};
		2C4AA3B51E516598009D6324 /* libBitIO */ = {
			isa = PBXGroup;
			children = (
				2C4AA3B61E5165A4009D6324 /* Headers */,
				2C4AA3B71E5165AC009D6324 /* Source */,
			);
			name = libBitIO;
			sourceTree = "<group>";
		};
		2C4AA3B61E5165A4009D6324 /* Headers */ = {
			isa = PBXGroup;
			children = (
				2C4AA3C01E5165D7009D6324 /* BitIO.h */,
				2C4AA3C21E5165D7009D6324 /* UUID.h */,
				2C4AA3C11E5165D7009D6324 /* Deflate.h */,
				2C4AA3C31E5165D7009D6324 /* MD5.h */,
			);
			name = Headers;
			sourceTree = "<group>";
		};
		2C4AA3B71E5165AC009D6324 /* Source */ = {
			isa = PBXGroup;
			children = (
				2C4AA3B81E5165C8009D6324 /* BitIO.c */,
				2C4AA3BB1E5165C8009D6324 /* UUID.c */,
				2C4AA3B91E5165C8009D6324 /* Deflate.c */,
				2C4AA3BA1E5165C8009D6324 /* MD5.c */,
			);
			name = Source;
			sourceTree = "<group>";
		};
		2C4AA3CE1E5165FA009D6324 /* Test-BitIO */ = {
			isa = PBXGroup;
			children = (
				2C4AA3DC1E516641009D6324 /* UnitTest.c */,
				2C4AA3CF1E5165FA009D6324 /* Test_BitIO.m */,
				2C4AA3DE1E51666F009D6324 /* Info.plist */,
			);
			path = "Test-BitIO";
			sourceTree = "<group>";
		};
/* End PBXGroup section */

/* Begin PBXHeadersBuildPhase section */
		2C4AA3AC1E51657A009D6324 /* Headers */ = {
			isa = PBXHeadersBuildPhase;
			buildActionMask = 2147483647;
			files = (
				2C4AA3C51E5165D7009D6324 /* Deflate.h in Headers */,
				2C4AA3C71E5165D7009D6324 /* MD5.h in Headers */,
				2C4AA3C61E5165D7009D6324 /* UUID.h in Headers */,
				2C4AA3C41E5165D7009D6324 /* BitIO.h in Headers */,
			);
			runOnlyForDeploymentPostprocessing = 0;
		};
/* End PBXHeadersBuildPhase section */

/* Begin PBXNativeTarget section */
		2C4AA3AD1E51657A009D6324 /* BitIO */ = {
			isa = PBXNativeTarget;
			buildConfigurationList = 2C4AA3B21E51657A009D6324 /* Build configuration list for PBXNativeTarget "BitIO" */;
			buildPhases = (
				2C4AA3AA1E51657A009D6324 /* Sources */,
				2C4AA3AB1E51657A009D6324 /* Frameworks */,
				2C4AA3AC1E51657A009D6324 /* Headers */,
			);
			buildRules = (
			);
			dependencies = (
			);
			name = BitIO;
			productName = libBitIO;
			productReference = 2C4AA3AE1E51657A009D6324 /* BitIO.a */;
			productType = "com.apple.product-type.library.static";
		};
		2C4AA3CC1E5165FA009D6324 /* Test-BitIO */ = {
			isa = PBXNativeTarget;
			buildConfigurationList = 2C4AA3D51E5165FA009D6324 /* Build configuration list for PBXNativeTarget "Test-BitIO" */;
			buildPhases = (
				2C4AA3C91E5165FA009D6324 /* Sources */,
				2C4AA3CA1E5165FA009D6324 /* Frameworks */,
				2C4AA3CB1E5165FA009D6324 /* Resources */,
			);
			buildRules = (
			);
			dependencies = (
				2C4AA3D41E5165FA009D6324 /* PBXTargetDependency */,
			);
			name = "Test-BitIO";
			productName = "Test-BitIO";
			productReference = 2C4AA3CD1E5165FA009D6324 /* Test-BitIO.xctest */;
			productType = "com.apple.product-type.bundle.unit-test";
		};
/* End PBXNativeTarget section */

/* Begin PBXProject section */
		2C4AA3A61E51657A009D6324 /* Project object */ = {
			isa = PBXProject;
			attributes = {
				LastUpgradeCheck = 0820;
				ORGANIZATIONNAME = "Marcus Johnson";
				TargetAttributes = {
					2C4AA3AD1E51657A009D6324 = {
						CreatedOnToolsVersion = 8.2.1;
						DevelopmentTeam = 628J9L7WK5;
						ProvisioningStyle = Automatic;
					};
					2C4AA3CC1E5165FA009D6324 = {
						CreatedOnToolsVersion = 8.2.1;
						DevelopmentTeam = 628J9L7WK5;
						ProvisioningStyle = Automatic;
					};
				};
			};
			buildConfigurationList = 2C4AA3A91E51657A009D6324 /* Build configuration list for PBXProject "BitIO" */;
			compatibilityVersion = "Xcode 3.2";
			developmentRegion = English;
			hasScannedForEncodings = 0;
			knownRegions = (
				en,
			);
			mainGroup = 2C4AA3A51E51657A009D6324;
			productRefGroup = 2C4AA3AF1E51657A009D6324 /* Products */;
			projectDirPath = "";
			projectRoot = "";
			targets = (
				2C4AA3AD1E51657A009D6324 /* BitIO */,
				2C4AA3CC1E5165FA009D6324 /* Test-BitIO */,
			);
		};
/* End PBXProject section */

/* Begin PBXResourcesBuildPhase section */
		2C4AA3CB1E5165FA009D6324 /* Resources */ = {
			isa = PBXResourcesBuildPhase;
			buildActionMask = 2147483647;
			files = (
				2C4AA3DF1E51666F009D6324 /* Info.plist in Resources */,
			);
			runOnlyForDeploymentPostprocessing = 0;
		};
/* End PBXResourcesBuildPhase section */

/* Begin PBXSourcesBuildPhase section */
		2C4AA3AA1E51657A009D6324 /* Sources */ = {
			isa = PBXSourcesBuildPhase;
			buildActionMask = 2147483647;
			files = (
				2C4AA3BE1E5165C8009D6324 /* MD5.c in Sources */,
				2C4AA3BC1E5165C8009D6324 /* BitIO.c in Sources */,
				2C4AA3BF1E5165C8009D6324 /* UUID.c in Sources */,
				2C4AA3BD1E5165C8009D6324 /* Deflate.c in Sources */,
			);
			runOnlyForDeploymentPostprocessing = 0;
		};
		2C4AA3C91E5165FA009D6324 /* Sources */ = {
			isa = PBXSourcesBuildPhase;
			buildActionMask = 2147483647;
			files = (
				2C4AA3D01E5165FA009D6324 /* Test_BitIO.m in Sources */,
				2C4AA3DD1E516641009D6324 /* UnitTest.c in Sources */,
			);
			runOnlyForDeploymentPostprocessing = 0;
		};
/* End PBXSourcesBuildPhase section */

/* Begin PBXTargetDependency section */
		2C4AA3D41E5165FA009D6324 /* PBXTargetDependency */ = {
			isa = PBXTargetDependency;
			target = 2C4AA3AD1E51657A009D6324 /* BitIO */;
			targetProxy = 2C4AA3D31E5165FA009D6324 /* PBXContainerItemProxy */;
		};
/* End PBXTargetDependency section */

/* Begin XCBuildConfiguration section */
		2C4AA3B01E51657A009D6324 /* Debug */ = {
			isa = XCBuildConfiguration;
			buildSettings = {
				ALWAYS_SEARCH_USER_PATHS = NO;
				CLANG_ANALYZER_NONNULL = YES;
				CLANG_CXX_LANGUAGE_STANDARD = "gnu++0x";
				CLANG_CXX_LIBRARY = "libc++";
				CLANG_ENABLE_MODULES = YES;
				CLANG_ENABLE_OBJC_ARC = YES;
				CLANG_WARN_BOOL_CONVERSION = YES;
				CLANG_WARN_CONSTANT_CONVERSION = YES;
				CLANG_WARN_DIRECT_OBJC_ISA_USAGE = YES_ERROR;
				CLANG_WARN_DOCUMENTATION_COMMENTS = YES;
				CLANG_WARN_EMPTY_BODY = YES;
				CLANG_WARN_ENUM_CONVERSION = YES;
				CLANG_WARN_INFINITE_RECURSION = YES;
				CLANG_WARN_INT_CONVERSION = YES;
				CLANG_WARN_OBJC_ROOT_CLASS = YES_ERROR;
				CLANG_WARN_SUSPICIOUS_MOVE = YES;
				CLANG_WARN_UNREACHABLE_CODE = YES;
				CLANG_WARN__DUPLICATE_METHOD_MATCH = YES;
				CODE_SIGN_IDENTITY = "-";
				COPY_PHASE_STRIP = NO;
				DEBUG_INFORMATION_FORMAT = dwarf;
				ENABLE_STRICT_OBJC_MSGSEND = YES;
				ENABLE_TESTABILITY = YES;
				GCC_C_LANGUAGE_STANDARD = gnu99;
				GCC_DYNAMIC_NO_PIC = NO;
				GCC_NO_COMMON_BLOCKS = YES;
				GCC_OPTIMIZATION_LEVEL = 0;
				GCC_PREPROCESSOR_DEFINITIONS = (
					"DEBUG=1",
					"$(inherited)",
				);
				GCC_WARN_64_TO_32_BIT_CONVERSION = YES;
				GCC_WARN_ABOUT_RETURN_TYPE = YES_ERROR;
				GCC_WARN_UNDECLARED_SELECTOR = YES;
				GCC_WARN_UNINITIALIZED_AUTOS = YES_AGGRESSIVE;
				GCC_WARN_UNUSED_FUNCTION = YES;
				GCC_WARN_UNUSED_VARIABLE = YES;
				MACOSX_DEPLOYMENT_TARGET = 10.12;
				MTL_ENABLE_DEBUG_INFO = YES;
				ONLY_ACTIVE_ARCH = YES;
				SDKROOT = macosx;
			};
			name = Debug;
		};
		2C4AA3B11E51657A009D6324 /* Release */ = {
			isa = XCBuildConfiguration;
			buildSettings = {
				ALWAYS_SEARCH_USER_PATHS = NO;
				CLANG_ANALYZER_NONNULL = YES;
				CLANG_CXX_LANGUAGE_STANDARD = "gnu++0x";
				CLANG_CXX_LIBRARY = "libc++";
				CLANG_ENABLE_MODULES = YES;
				CLANG_ENABLE_OBJC_ARC = YES;
				CLANG_WARN_BOOL_CONVERSION = YES;
				CLANG_WARN_CONSTANT_CONVERSION = YES;
				CLANG_WARN_DIRECT_OBJC_ISA_USAGE = YES_ERROR;
				CLANG_WARN_DOCUMENTATION_COMMENTS = YES;
				CLANG_WARN_EMPTY_BODY = YES;
				CLANG_WARN_ENUM_CONVERSION = YES;
				CLANG_WARN_INFINITE_RECURSION = YES;
				CLANG_WARN_INT_CONVERSION = YES;
				CLANG_WARN_OBJC_ROOT_CLASS = YES_ERROR;
				CLANG_WARN_SUSPICIOUS_MOVE = YES;
				CLANG_WARN_UNREACHABLE_CODE = YES;
				CLANG_WARN__DUPLICATE_METHOD_MATCH = YES;
				CODE_SIGN_IDENTITY = "-";
				COPY_PHASE_STRIP = NO;
				DEBUG_INFORMATION_FORMAT = "dwarf-with-dsym";
				ENABLE_NS_ASSERTIONS = NO;
				ENABLE_STRICT_OBJC_MSGSEND = YES;
				GCC_C_LANGUAGE_STANDARD = gnu99;
				GCC_NO_COMMON_BLOCKS = YES;
				GCC_WARN_64_TO_32_BIT_CONVERSION = YES;
				GCC_WARN_ABOUT_RETURN_TYPE = YES_ERROR;
				GCC_WARN_UNDECLARED_SELECTOR = YES;
				GCC_WARN_UNINITIALIZED_AUTOS = YES_AGGRESSIVE;
				GCC_WARN_UNUSED_FUNCTION = YES;
				GCC_WARN_UNUSED_VARIABLE = YES;
				MACOSX_DEPLOYMENT_TARGET = 10.12;
				MTL_ENABLE_DEBUG_INFO = NO;
				SDKROOT = macosx;
			};
			name = Release;
		};
		2C4AA3B31E51657A009D6324 /* Debug */ = {
			isa = XCBuildConfiguration;
			buildSettings = {
				DEVELOPMENT_TEAM = 628J9L7WK5;
				EXECUTABLE_PREFIX = "";
				PRODUCT_NAME = "$(TARGET_NAME)";
			};
			name = Debug;
		};
		2C4AA3B41E51657A009D6324 /* Release */ = {
			isa = XCBuildConfiguration;
			buildSettings = {
				DEVELOPMENT_TEAM = 628J9L7WK5;
				EXECUTABLE_PREFIX = "";
				PRODUCT_NAME = "$(TARGET_NAME)";
			};
			name = Release;
		};
		2C4AA3D61E5165FA009D6324 /* Debug */ = {
			isa = XCBuildConfiguration;
			buildSettings = {
				COMBINE_HIDPI_IMAGES = YES;
				DEVELOPMENT_TEAM = 628J9L7WK5;
				INFOPLIST_FILE = "Test-BitIO/Info.plist";
				LD_RUNPATH_SEARCH_PATHS = "$(inherited) @executable_path/../Frameworks @loader_path/../Frameworks";
				PRODUCT_BUNDLE_IDENTIFIER = "com.bumblebritches57.Test-BitIO";
				PRODUCT_NAME = "$(TARGET_NAME)";
			};
			name = Debug;
		};
		2C4AA3D71E5165FA009D6324 /* Release */ = {
			isa = XCBuildConfiguration;
			buildSettings = {
				COMBINE_HIDPI_IMAGES = YES;
				DEVELOPMENT_TEAM = 628J9L7WK5;
				INFOPLIST_FILE = "Test-BitIO/Info.plist";
				LD_RUNPATH_SEARCH_PATHS = "$(inherited) @executable_path/../Frameworks @loader_path/../Frameworks";
				PRODUCT_BUNDLE_IDENTIFIER = "com.bumblebritches57.Test-BitIO";
				PRODUCT_NAME = "$(TARGET_NAME)";
			};
			name = Release;
		};
/* End XCBuildConfiguration section */

/* Begin XCConfigurationList section */
		2C4AA3A91E51657A009D6324 /* Build configuration list for PBXProject "BitIO" */ = {
			isa = XCConfigurationList;
			buildConfigurations = (
				2C4AA3B01E51657A009D6324 /* Debug */,
				2C4AA3B11E51657A009D6324 /* Release */,
			);
			defaultConfigurationIsVisible = 0;
			defaultConfigurationName = Release;
		};
		2C4AA3B21E51657A009D6324 /* Build configuration list for PBXNativeTarget "BitIO" */ = {
			isa = XCConfigurationList;
			buildConfigurations = (
				2C4AA3B31E51657A009D6324 /* Debug */,
				2C4AA3B41E51657A009D6324 /* Release */,
			);
			defaultConfigurationIsVisible = 0;
			defaultConfigurationName = Release;
		};
		2C4AA3D51E5165FA009D6324 /* Build configuration list for PBXNativeTarget "Test-BitIO" */ = {
			isa = XCConfigurationList;
			buildConfigurations = (
				2C4AA3D61E5165FA009D6324 /* Debug */,
				2C4AA3D71E5165FA009D6324 /* Release */,
			);
			defaultConfigurationIsVisible = 0;
			defaultConfigurationName = Release;
		};
/* End XCConfigurationList section */
	};
	rootObject = 2C4AA3A61E51657A009D6324 /* Project object */;
}
